
Microsoft Visual Studio Solution File, Format Version 12.00
# Visual Studio Version 16
VisualStudioVersion = 16.0.29230.47
MinimumVisualStudioVersion = 10.0.40219.1
Project("{FAE04EC0-301F-11D3-BF4B-00C04F79EFBC}") = "Lab4", "Lab4\Lab4.csproj", "{0BC0A2A3-A675-407E-BE0F-5C85A29B38A8}"
EndProject
Global
	GlobalSection(SolutionConfigurationPlatforms) = preSolution
		Debug|Any CPU = Debug|Any CPU
		Release|Any CPU = Release|Any CPU
	EndGlobalSection
	GlobalSection(ProjectConfigurationPlatforms) = postSolution
		{0BC0A2A3-A675-407E-BE0F-5C85A29B38A8}.Debug|Any CPU.ActiveCfg = Debug|Any CPU
		{0BC0A2A3-A675-407E-BE0F-5C85A29B38A8}.Debug|Any CPU.Build.0 = Debug|Any CPU
		{0BC0A2A3-A675-407E-BE0F-5C85A29B38A8}.Release|Any CPU.ActiveCfg = Release|Any CPU
		{0BC0A2A3-A675-407E-BE0F-5C85A29B38A8}.Release|Any CPU.Build.0 = Release|Any CPU
	EndGlobalSection
	GlobalSection(SolutionProperties) = preSolution
		HideSolutionNode = FALSE
	EndGlobalSection
	GlobalSection(ExtensibilityGlobals) = postSolution
		SolutionGuid = {721C5990-234B-46AB-8721-6E8B1FE40FA7}
	EndGlobalSection
EndGlobal
